
Microsoft Visual Studio Solution File, Format Version 12.00
# Visual Studio Version 16
VisualStudioVersion = 16.0.29613.14
MinimumVisualStudioVersion = 10.0.40219.1
Project("{9A19103F-16F7-4668-BE54-9A1E7A4F7556}") = "DataAccess", "DataAccess\DataAccess.csproj", "{51792498-7951-424C-9D57-D1BF6446E296}"
EndProject
Project("{9A19103F-16F7-4668-BE54-9A1E7A4F7556}") = "Business", "Business\Business.csproj", "{8D6566D3-DB08-4558-A84C-EA3E9D80F1EC}"
EndProject
Project("{9A19103F-16F7-4668-BE54-9A1E7A4F7556}") = "Entities", "Entities\Entities.csproj", "{C898BCC6-911F-406A-AC11-31C6A38AF8A1}"
EndProject
Project("{9A19103F-16F7-4668-BE54-9A1E7A4F7556}") = "ConsoleUI", "ConsoleUI\ConsoleUI.csproj", "{D61D1387-21DB-4079-9797-FEE785B2DACB}"
EndProject
Project("{9A19103F-16F7-4668-BE54-9A1E7A4F7556}") = "Core", "Core\Core.csproj", "{812D567E-0786-4EE0-8438-BADC155C3119}"
EndProject
Project("{FAE04EC0-301F-11D3-BF4B-00C04F79EFBC}") = "WebAPI", "WebAPI\WebAPI.csproj", "{7238AC19-385A-4BEC-93AE-43973D57C55C}"
EndProject
Global
	GlobalSection(SolutionConfigurationPlatforms) = preSolution
		Debug|Any CPU = Debug|Any CPU
		Release|Any CPU = Release|Any CPU
	EndGlobalSection
	GlobalSection(ProjectConfigurationPlatforms) = postSolution
		{51792498-7951-424C-9D57-D1BF6446E296}.Debug|Any CPU.ActiveCfg = Debug|Any CPU
		{51792498-7951-424C-9D57-D1BF6446E296}.Debug|Any CPU.Build.0 = Debug|Any CPU
		{51792498-7951-424C-9D57-D1BF6446E296}.Release|Any CPU.ActiveCfg = Release|Any CPU
		{51792498-7951-424C-9D57-D1BF6446E296}.Release|Any CPU.Build.0 = Release|Any CPU
		{8D6566D3-DB08-4558-A84C-EA3E9D80F1EC}.Debug|Any CPU.ActiveCfg = Debug|Any CPU
		{8D6566D3-DB08-4558-A84C-EA3E9D80F1EC}.Debug|Any CPU.Build.0 = Debug|Any CPU
		{8D6566D3-DB08-4558-A84C-EA3E9D80F1EC}.Release|Any CPU.ActiveCfg = Release|Any CPU
		{8D6566D3-DB08-4558-A84C-EA3E9D80F1EC}.Release|Any CPU.Build.0 = Release|Any CPU
		{C898BCC6-911F-406A-AC11-31C6A38AF8A1}.Debug|Any CPU.ActiveCfg = Debug|Any CPU
		{C898BCC6-911F-406A-AC11-31C6A38AF8A1}.Debug|Any CPU.Build.0 = Debug|Any CPU
		{C898BCC6-911F-406A-AC11-31C6A38AF8A1}.Release|Any CPU.ActiveCfg = Release|Any CPU
		{C898BCC6-911F-406A-AC11-31C6A38AF8A1}.Release|Any CPU.Build.0 = Release|Any CPU
		{D61D1387-21DB-4079-9797-FEE785B2DACB}.Debug|Any CPU.ActiveCfg = Debug|Any CPU
		{D61D1387-21DB-4079-9797-FEE785B2DACB}.Debug|Any CPU.Build.0 = Debug|Any CPU
		{D61D1387-21DB-4079-9797-FEE785B2DACB}.Release|Any CPU.ActiveCfg = Release|Any CPU
		{D61D1387-21DB-4079-9797-FEE785B2DACB}.Release|Any CPU.Build.0 = Release|Any CPU
		{812D567E-0786-4EE0-8438-BADC155C3119}.Debug|Any CPU.ActiveCfg = Debug|Any CPU
		{812D567E-0786-4EE0-8438-BADC155C3119}.Debug|Any CPU.Build.0 = Debug|Any CPU
		{812D567E-0786-4EE0-8438-BADC155C3119}.Release|Any CPU.ActiveCfg = Release|Any CPU
		{812D567E-0786-4EE0-8438-BADC155C3119}.Release|Any CPU.Build.0 = Release|Any CPU
		{7238AC19-385A-4BEC-93AE-43973D57C55C}.Debug|Any CPU.ActiveCfg = Debug|Any CPU
		{7238AC19-385A-4BEC-93AE-43973D57C55C}.Debug|Any CPU.Build.0 = Debug|Any CPU
		{7238AC19-385A-4BEC-93AE-43973D57C55C}.Release|Any CPU.ActiveCfg = Release|Any CPU
		{7238AC19-385A-4BEC-93AE-43973D57C55C}.Release|Any CPU.Build.0 = Release|Any CPU
	EndGlobalSection
	GlobalSection(SolutionProperties) = preSolution
		HideSolutionNode = FALSE
	EndGlobalSection
	GlobalSection(ExtensibilityGlobals) = postSolution
		SolutionGuid = {5678C229-CAFC-4A81-A9E4-4687E7E40978}
	EndGlobalSection
EndGlobal
